
Microsoft Visual Studio Solution File, Format Version 12.00
# Visual Studio Version 16
VisualStudioVersion = 16.0.30114.105
MinimumVisualStudioVersion = 10.0.40219.1
Project("{FAE04EC0-301F-11D3-BF4B-00C04F79EFBC}") = "breakfastRestApi", "breakfastRestApi\breakfastRestApi.csproj", "{0A0FA037-49A1-4100-B307-65CBA8F46303}"
EndProject
Project("{FAE04EC0-301F-11D3-BF4B-00C04F79EFBC}") = "breakfastRestApi.Contracts", "breakfastRestApi.Contracts\breakfastRestApi.Contracts.csproj", "{35DF997B-FB54-4B70-A95A-1393CE4BA922}"
EndProject
Global
	GlobalSection(SolutionConfigurationPlatforms) = preSolution
		Debug|Any CPU = Debug|Any CPU
		Release|Any CPU = Release|Any CPU
	EndGlobalSection
	GlobalSection(SolutionProperties) = preSolution
		HideSolutionNode = FALSE
	EndGlobalSection
	GlobalSection(ProjectConfigurationPlatforms) = postSolution
		{0A0FA037-49A1-4100-B307-65CBA8F46303}.Debug|Any CPU.ActiveCfg = Debug|Any CPU
		{0A0FA037-49A1-4100-B307-65CBA8F46303}.Debug|Any CPU.Build.0 = Debug|Any CPU
		{0A0FA037-49A1-4100-B307-65CBA8F46303}.Release|Any CPU.ActiveCfg = Release|Any CPU
		{0A0FA037-49A1-4100-B307-65CBA8F46303}.Release|Any CPU.Build.0 = Release|Any CPU
		{35DF997B-FB54-4B70-A95A-1393CE4BA922}.Debug|Any CPU.ActiveCfg = Debug|Any CPU
		{35DF997B-FB54-4B70-A95A-1393CE4BA922}.Debug|Any CPU.Build.0 = Debug|Any CPU
		{35DF997B-FB54-4B70-A95A-1393CE4BA922}.Release|Any CPU.ActiveCfg = Release|Any CPU
		{35DF997B-FB54-4B70-A95A-1393CE4BA922}.Release|Any CPU.Build.0 = Release|Any CPU
	EndGlobalSection
EndGlobal
